
Microsoft Visual Studio Solution File, Format Version 12.00
# Visual Studio Version 17
VisualStudioVersion = 17.4.33110.190
MinimumVisualStudioVersion = 10.0.40219.1
Project("{9A19103F-16F7-4668-BE54-9A1E7A4F7556}") = "Day1", "2022\Day1\Day1.csproj", "{F7ECCF04-2E69-477B-8B01-3D89D7AE8A84}"
EndProject
Project("{9A19103F-16F7-4668-BE54-9A1E7A4F7556}") = "AoC2022.Tests", "2022\ExamplesTests\AoC2022.Tests.csproj", "{35EDBD42-8A1F-445B-8CFB-D3BB30A8E629}"
EndProject
Project("{9A19103F-16F7-4668-BE54-9A1E7A4F7556}") = "Day2", "2022\Day2\Day2.csproj", "{4464AFC2-75FE-4064-B022-0F0315925918}"
EndProject
Project("{9A19103F-16F7-4668-BE54-9A1E7A4F7556}") = "Day3", "2022\Day3\Day3.csproj", "{B3F53AA2-8F60-49E5-8577-74AACB89BB3B}"
EndProject
Project("{2150E333-8FDC-42A3-9474-1A3956D46DE8}") = "2022", "2022", "{A8B9915E-07FE-4EFE-BA6B-FE0C91A302E7}"
EndProject
Project("{2150E333-8FDC-42A3-9474-1A3956D46DE8}") = "2024", "2024", "{9995B281-6BF4-4EF8-89F2-2855231A6210}"
EndProject
Project("{9A19103F-16F7-4668-BE54-9A1E7A4F7556}") = "AoC2024.Tests", "2024\ExampleTests\AoC2024.Tests.csproj", "{72DD8745-49AB-4DA9-AC6A-7F0AFAF8A2F7}"
EndProject
Project("{9A19103F-16F7-4668-BE54-9A1E7A4F7556}") = "Day1", "2024\Day1\Day1.csproj", "{7DA16679-FC1F-4B56-87F3-75FBD7FA4DF1}"
EndProject
Project("{9A19103F-16F7-4668-BE54-9A1E7A4F7556}") = "Day2", "2024\Day2\Day2.csproj", "{DF5313B0-3F3B-4E60-9ACF-EDFDF0FA3D1E}"
EndProject
Project("{FAE04EC0-301F-11D3-BF4B-00C04F79EFBC}") = "Day3", "2024\Day3\Day3.csproj", "{F3194B83-0D08-4C60-9152-D5A0C8B4FB23}"
EndProject
Global
	GlobalSection(SolutionConfigurationPlatforms) = preSolution
		Debug|Any CPU = Debug|Any CPU
		Release|Any CPU = Release|Any CPU
	EndGlobalSection
	GlobalSection(ProjectConfigurationPlatforms) = postSolution
		{F7ECCF04-2E69-477B-8B01-3D89D7AE8A84}.Debug|Any CPU.ActiveCfg = Debug|Any CPU
		{F7ECCF04-2E69-477B-8B01-3D89D7AE8A84}.Debug|Any CPU.Build.0 = Debug|Any CPU
		{F7ECCF04-2E69-477B-8B01-3D89D7AE8A84}.Release|Any CPU.ActiveCfg = Release|Any CPU
		{F7ECCF04-2E69-477B-8B01-3D89D7AE8A84}.Release|Any CPU.Build.0 = Release|Any CPU
		{35EDBD42-8A1F-445B-8CFB-D3BB30A8E629}.Debug|Any CPU.ActiveCfg = Debug|Any CPU
		{35EDBD42-8A1F-445B-8CFB-D3BB30A8E629}.Debug|Any CPU.Build.0 = Debug|Any CPU
		{35EDBD42-8A1F-445B-8CFB-D3BB30A8E629}.Release|Any CPU.ActiveCfg = Release|Any CPU
		{35EDBD42-8A1F-445B-8CFB-D3BB30A8E629}.Release|Any CPU.Build.0 = Release|Any CPU
		{4464AFC2-75FE-4064-B022-0F0315925918}.Debug|Any CPU.ActiveCfg = Debug|Any CPU
		{4464AFC2-75FE-4064-B022-0F0315925918}.Debug|Any CPU.Build.0 = Debug|Any CPU
		{4464AFC2-75FE-4064-B022-0F0315925918}.Release|Any CPU.ActiveCfg = Release|Any CPU
		{4464AFC2-75FE-4064-B022-0F0315925918}.Release|Any CPU.Build.0 = Release|Any CPU
		{B3F53AA2-8F60-49E5-8577-74AACB89BB3B}.Debug|Any CPU.ActiveCfg = Debug|Any CPU
		{B3F53AA2-8F60-49E5-8577-74AACB89BB3B}.Debug|Any CPU.Build.0 = Debug|Any CPU
		{B3F53AA2-8F60-49E5-8577-74AACB89BB3B}.Release|Any CPU.ActiveCfg = Release|Any CPU
		{B3F53AA2-8F60-49E5-8577-74AACB89BB3B}.Release|Any CPU.Build.0 = Release|Any CPU
		{72DD8745-49AB-4DA9-AC6A-7F0AFAF8A2F7}.Debug|Any CPU.ActiveCfg = Debug|Any CPU
		{72DD8745-49AB-4DA9-AC6A-7F0AFAF8A2F7}.Debug|Any CPU.Build.0 = Debug|Any CPU
		{72DD8745-49AB-4DA9-AC6A-7F0AFAF8A2F7}.Release|Any CPU.ActiveCfg = Release|Any CPU
		{72DD8745-49AB-4DA9-AC6A-7F0AFAF8A2F7}.Release|Any CPU.Build.0 = Release|Any CPU
		{7DA16679-FC1F-4B56-87F3-75FBD7FA4DF1}.Debug|Any CPU.ActiveCfg = Debug|Any CPU
		{7DA16679-FC1F-4B56-87F3-75FBD7FA4DF1}.Debug|Any CPU.Build.0 = Debug|Any CPU
		{7DA16679-FC1F-4B56-87F3-75FBD7FA4DF1}.Release|Any CPU.ActiveCfg = Release|Any CPU
		{7DA16679-FC1F-4B56-87F3-75FBD7FA4DF1}.Release|Any CPU.Build.0 = Release|Any CPU
		{DF5313B0-3F3B-4E60-9ACF-EDFDF0FA3D1E}.Debug|Any CPU.ActiveCfg = Debug|Any CPU
		{DF5313B0-3F3B-4E60-9ACF-EDFDF0FA3D1E}.Debug|Any CPU.Build.0 = Debug|Any CPU
		{DF5313B0-3F3B-4E60-9ACF-EDFDF0FA3D1E}.Release|Any CPU.ActiveCfg = Release|Any CPU
		{DF5313B0-3F3B-4E60-9ACF-EDFDF0FA3D1E}.Release|Any CPU.Build.0 = Release|Any CPU
		{F3194B83-0D08-4C60-9152-D5A0C8B4FB23}.Debug|Any CPU.ActiveCfg = Debug|Any CPU
		{F3194B83-0D08-4C60-9152-D5A0C8B4FB23}.Debug|Any CPU.Build.0 = Debug|Any CPU
		{F3194B83-0D08-4C60-9152-D5A0C8B4FB23}.Release|Any CPU.ActiveCfg = Release|Any CPU
		{F3194B83-0D08-4C60-9152-D5A0C8B4FB23}.Release|Any CPU.Build.0 = Release|Any CPU
	EndGlobalSection
	GlobalSection(SolutionProperties) = preSolution
		HideSolutionNode = FALSE
	EndGlobalSection
	GlobalSection(NestedProjects) = preSolution
		{F7ECCF04-2E69-477B-8B01-3D89D7AE8A84} = {A8B9915E-07FE-4EFE-BA6B-FE0C91A302E7}
		{35EDBD42-8A1F-445B-8CFB-D3BB30A8E629} = {A8B9915E-07FE-4EFE-BA6B-FE0C91A302E7}
		{4464AFC2-75FE-4064-B022-0F0315925918} = {A8B9915E-07FE-4EFE-BA6B-FE0C91A302E7}
		{B3F53AA2-8F60-49E5-8577-74AACB89BB3B} = {A8B9915E-07FE-4EFE-BA6B-FE0C91A302E7}
		{72DD8745-49AB-4DA9-AC6A-7F0AFAF8A2F7} = {9995B281-6BF4-4EF8-89F2-2855231A6210}
		{7DA16679-FC1F-4B56-87F3-75FBD7FA4DF1} = {9995B281-6BF4-4EF8-89F2-2855231A6210}
		{DF5313B0-3F3B-4E60-9ACF-EDFDF0FA3D1E} = {9995B281-6BF4-4EF8-89F2-2855231A6210}
		{F3194B83-0D08-4C60-9152-D5A0C8B4FB23} = {9995B281-6BF4-4EF8-89F2-2855231A6210}
	EndGlobalSection
	GlobalSection(ExtensibilityGlobals) = postSolution
		SolutionGuid = {53AEEB1A-BCC6-472B-9910-75C5336806EF}
	EndGlobalSection
EndGlobal
