
Microsoft Visual Studio Solution File, Format Version 12.00
# Visual Studio Version 17
VisualStudioVersion = 17.4.33110.190
MinimumVisualStudioVersion = 10.0.40219.1
Project("{FAE04EC0-301F-11D3-BF4B-00C04F79EFBC}") = "Day1", "Day1\Day1.csproj", "{F7ECCF04-2E69-477B-8B01-3D89D7AE8A84}"
EndProject
Project("{FAE04EC0-301F-11D3-BF4B-00C04F79EFBC}") = "ExamplesTests", "ExamplesTests\ExamplesTests.csproj", "{35EDBD42-8A1F-445B-8CFB-D3BB30A8E629}"
EndProject
Project("{FAE04EC0-301F-11D3-BF4B-00C04F79EFBC}") = "Day2", "Day2\Day2.csproj", "{4464AFC2-75FE-4064-B022-0F0315925918}"
EndProject
Global
	GlobalSection(SolutionConfigurationPlatforms) = preSolution
		Debug|Any CPU = Debug|Any CPU
		Release|Any CPU = Release|Any CPU
	EndGlobalSection
	GlobalSection(ProjectConfigurationPlatforms) = postSolution
		{F7ECCF04-2E69-477B-8B01-3D89D7AE8A84}.Debug|Any CPU.ActiveCfg = Debug|Any CPU
		{F7ECCF04-2E69-477B-8B01-3D89D7AE8A84}.Debug|Any CPU.Build.0 = Debug|Any CPU
		{F7ECCF04-2E69-477B-8B01-3D89D7AE8A84}.Release|Any CPU.ActiveCfg = Release|Any CPU
		{F7ECCF04-2E69-477B-8B01-3D89D7AE8A84}.Release|Any CPU.Build.0 = Release|Any CPU
		{35EDBD42-8A1F-445B-8CFB-D3BB30A8E629}.Debug|Any CPU.ActiveCfg = Debug|Any CPU
		{35EDBD42-8A1F-445B-8CFB-D3BB30A8E629}.Debug|Any CPU.Build.0 = Debug|Any CPU
		{35EDBD42-8A1F-445B-8CFB-D3BB30A8E629}.Release|Any CPU.ActiveCfg = Release|Any CPU
		{35EDBD42-8A1F-445B-8CFB-D3BB30A8E629}.Release|Any CPU.Build.0 = Release|Any CPU
		{4464AFC2-75FE-4064-B022-0F0315925918}.Debug|Any CPU.ActiveCfg = Debug|Any CPU
		{4464AFC2-75FE-4064-B022-0F0315925918}.Debug|Any CPU.Build.0 = Debug|Any CPU
		{4464AFC2-75FE-4064-B022-0F0315925918}.Release|Any CPU.ActiveCfg = Release|Any CPU
		{4464AFC2-75FE-4064-B022-0F0315925918}.Release|Any CPU.Build.0 = Release|Any CPU
	EndGlobalSection
	GlobalSection(SolutionProperties) = preSolution
		HideSolutionNode = FALSE
	EndGlobalSection
	GlobalSection(ExtensibilityGlobals) = postSolution
		SolutionGuid = {53AEEB1A-BCC6-472B-9910-75C5336806EF}
	EndGlobalSection
EndGlobal
